PODS:
  - Keyboard+LayoutGuide (1.2.2)
  - KeychainSwift (10.0.0)
  - MarqueeLabel/Swift (3.1.4)
  - NMSSH (2.2.8)
  - SQLite.swift (0.11.4):
    - SQLite.swift/standard (= 0.11.4)
  - SQLite.swift/standard (0.11.4)
  - UITextField+Shake (1.2.0)

DEPENDENCIES:
  - Keyboard+LayoutGuide
  - KeychainSwift
  - MarqueeLabel/Swift
  - NMSSH
  - SQLite.swift
  - UITextField+Shake

SPEC CHECKSUMS:
  Keyboard+LayoutGuide: 4c33aa1749cee1af43c3c32a988b58ad1918bdef
  KeychainSwift: f9f7910449a0c0fd2cabc889121530dd2c477c33
  MarqueeLabel: bf768455fe88d427f71476ebb23f9092b660f40b
  NMSSH: b722885a07485a2c03ffa3ea56a7b0308dbdc37c
  SQLite.swift: 3e3bee21da701b5b9f87c4a672cb54f233505692
  UITextField+Shake: 3e86d67700b9db1915df965e677cec8b8cfda225

PODFILE CHECKSUM: bb3d409854d9e76a517241733f850c93b38ebeec

COCOAPODS: 1.3.1
